{
  "name": "att-string-workbench",
  "version": "2.5.0",
  "lockfileVersion": 3,
  "requires": true,
  "packages": {
    "": {
      "name": "att-string-workbench",
      "version": "2.5.0",
      "dependencies": {
        "att-string-transcoder": "3.1.2"
      }
    },
    "node_modules/att-string-transcoder": {
      "version": "3.1.2",
      "resolved": "https://registry.npmjs.org/att-string-transcoder/-/att-string-transcoder-3.1.2.tgz",
      "integrity": "sha512-bzE6gcgVA+M8q8xzF1yYjMhNSwtUSDzLiT0IinzviyBrB+h+yVUQHJFyYKlUbL0j0vf9a+tmQRgKDM1FdSypQg==",
      "license": "MIT",
      "dependencies": {
        "bitwise": "^2.1.0",
        "ieee754": "^1.2.1"
      },
      "engines": {
        "node": ">=20.4.0"
      }
    },
    "node_modules/bitwise": {
      "version": "2.2.1",
      "resolved": "https://registry.npmjs.org/bitwise/-/bitwise-2.2.1.tgz",
      "integrity": "sha512-eJUCdmPCux/zz2joOoExymwjUGvmfrxb8JhdJ6vC8jZPP/pqnG6Zs0qZh54BLIUMZHwHnA+nv6GFAad8LvCvCg==",
      "license": "MIT"
    },
    "node_modules/ieee754": {
      "version": "1.2.1",
      "resolved": "https://registry.npmjs.org/ieee754/-/ieee754-1.2.1.tgz",
      "integrity": "sha512-dcyqhDvX1C46lXZcVqCpK+FtMRQVdIMN6/Df5js2zouUsqG7I6sFxitIC+7KYK29KdXOLHdu9zL4sFnoVQnqaA==",
      "funding": [
        {
          "type": "github",
          "url": "https://github.com/sponsors/feross"
        },
        {
          "type": "patreon",
          "url": "https://www.patreon.com/feross"
        },
        {
          "type": "consulting",
          "url": "https://feross.org/support"
        }
      ],
      "license": "BSD-3-Clause"
    }
  }
}
